// !$*UTF8*$!
{
	archiveVersion = 1;
	classes = {
	};
	objectVersion = 56;
	objects = {

/* Begin PBXBuildFile section */
		300C35472AAB2EA40024EA0F /* StatisticsSelectionView.swift in Sources */ = {isa = PBXBuildFile; fileRef = 300C35462AAB2EA40024EA0F /* StatisticsSelectionView.swift */; };
		300C35492AAB501F0024EA0F /* StatisticsDataModel.swift in Sources */ = {isa = PBXBuildFile; fileRef = 300C35482AAB501F0024EA0F /* StatisticsDataModel.swift */; };
		3096620D2A9530720023B5D7 /* MastermindApp.swift in Sources */ = {isa = PBXBuildFile; fileRef = 3096620C2A9530720023B5D7 /* MastermindApp.swift */; };
		3096620F2A9530720023B5D7 /* GameView.swift in Sources */ = {isa = PBXBuildFile; fileRef = 3096620E2A9530720023B5D7 /* GameView.swift */; };
		309662112A9530740023B5D7 /* Assets.xcassets in Resources */ = {isa = PBXBuildFile; fileRef = 309662102A9530740023B5D7 /* Assets.xcassets */; };
		309662142A9530740023B5D7 /* Preview Assets.xcassets in Resources */ = {isa = PBXBuildFile; fileRef = 309662132A9530740023B5D7 /* Preview Assets.xcassets */; };
		3096621E2A9530740023B5D7 /* MastermindTests.swift in Sources */ = {isa = PBXBuildFile; fileRef = 3096621D2A9530740023B5D7 /* MastermindTests.swift */; };
		309662282A9530740023B5D7 /* MastermindUITests.swift in Sources */ = {isa = PBXBuildFile; fileRef = 309662272A9530740023B5D7 /* MastermindUITests.swift */; };
		3096622A2A9530740023B5D7 /* MastermindUITestsLaunchTests.swift in Sources */ = {isa = PBXBuildFile; fileRef = 309662292A9530740023B5D7 /* MastermindUITestsLaunchTests.swift */; };
		309662372A9531E10023B5D7 /* MastermindModel.swift in Sources */ = {isa = PBXBuildFile; fileRef = 309662362A9531E10023B5D7 /* MastermindModel.swift */; };
		309662392A953B320023B5D7 /* MastermindViewModel.swift in Sources */ = {isa = PBXBuildFile; fileRef = 309662382A953B320023B5D7 /* MastermindViewModel.swift */; };
		3096623B2A9B52190023B5D7 /* SettingsView.swift in Sources */ = {isa = PBXBuildFile; fileRef = 3096623A2A9B52190023B5D7 /* SettingsView.swift */; };
		30DD07352AAA128900E49009 /* StatisticsView.swift in Sources */ = {isa = PBXBuildFile; fileRef = 30DD07342AAA128900E49009 /* StatisticsView.swift */; };
		30DD07382AAA16C400E49009 /* StatisticsContainer.xcdatamodeld in Sources */ = {isa = PBXBuildFile; fileRef = 30DD07362AAA16C400E49009 /* StatisticsContainer.xcdatamodeld */; };
		30F8B78D2A9D361D0034798D /* CodePin.swift in Sources */ = {isa = PBXBuildFile; fileRef = 30F8B78C2A9D361D0034798D /* CodePin.swift */; };
		30F8B78F2A9DEB240034798D /* PinPickerView.swift in Sources */ = {isa = PBXBuildFile; fileRef = 30F8B78E2A9DEB240034798D /* PinPickerView.swift */; };
/* End PBXBuildFile section */

/* Begin PBXContainerItemProxy section */
		3096621A2A9530740023B5D7 /* PBXContainerItemProxy */ = {
			isa = PBXContainerItemProxy;
			containerPortal = 309662012A9530720023B5D7 /* Project object */;
			proxyType = 1;
			remoteGlobalIDString = 309662082A9530720023B5D7;
			remoteInfo = Mastermind;
		};
		309662242A9530740023B5D7 /* PBXContainerItemProxy */ = {
			isa = PBXContainerItemProxy;
			containerPortal = 309662012A9530720023B5D7 /* Project object */;
			proxyType = 1;
			remoteGlobalIDString = 309662082A9530720023B5D7;
			remoteInfo = Mastermind;
		};
/* End PBXContainerItemProxy section */

/* Begin PBXFileReference section */
		300C35462AAB2EA40024EA0F /* StatisticsSelectionView.swift */ = {isa = PBXFileReference; lastKnownFileType = sourcecode.swift; path = StatisticsSelectionView.swift; sourceTree = "<group>"; };
		300C35482AAB501F0024EA0F /* StatisticsDataModel.swift */ = {isa = PBXFileReference; lastKnownFileType = sourcecode.swift; path = StatisticsDataModel.swift; sourceTree = "<group>"; };
		309662092A9530720023B5D7 /* Mastermind.app */ = {isa = PBXFileReference; explicitFileType = wrapper.application; includeInIndex = 0; path = Mastermind.app; sourceTree = BUILT_PRODUCTS_DIR; };
		3096620C2A9530720023B5D7 /* MastermindApp.swift */ = {isa = PBXFileReference; lastKnownFileType = sourcecode.swift; path = MastermindApp.swift; sourceTree = "<group>"; };
		3096620E2A9530720023B5D7 /* GameView.swift */ = {isa = PBXFileReference; lastKnownFileType = sourcecode.swift; path = GameView.swift; sourceTree = "<group>"; };
		309662102A9530740023B5D7 /* Assets.xcassets */ = {isa = PBXFileReference; lastKnownFileType = folder.assetcatalog; path = Assets.xcassets; sourceTree = "<group>"; };
		309662132A9530740023B5D7 /* Preview Assets.xcassets */ = {isa = PBXFileReference; lastKnownFileType = folder.assetcatalog; path = "Preview Assets.xcassets"; sourceTree = "<group>"; };
		309662192A9530740023B5D7 /* MastermindTests.xctest */ = {isa = PBXFileReference; explicitFileType = wrapper.cfbundle; includeInIndex = 0; path = MastermindTests.xctest; sourceTree = BUILT_PRODUCTS_DIR; };
		3096621D2A9530740023B5D7 /* MastermindTests.swift */ = {isa = PBXFileReference; lastKnownFileType = sourcecode.swift; path = MastermindTests.swift; sourceTree = "<group>"; };
		309662232A9530740023B5D7 /* MastermindUITests.xctest */ = {isa = PBXFileReference; explicitFileType = wrapper.cfbundle; includeInIndex = 0; path = MastermindUITests.xctest; sourceTree = BUILT_PRODUCTS_DIR; };
		309662272A9530740023B5D7 /* MastermindUITests.swift */ = {isa = PBXFileReference; lastKnownFileType = sourcecode.swift; path = MastermindUITests.swift; sourceTree = "<group>"; };
		309662292A9530740023B5D7 /* MastermindUITestsLaunchTests.swift */ = {isa = PBXFileReference; lastKnownFileType = sourcecode.swift; path = MastermindUITestsLaunchTests.swift; sourceTree = "<group>"; };
		309662362A9531E10023B5D7 /* MastermindModel.swift */ = {isa = PBXFileReference; lastKnownFileType = sourcecode.swift; path = MastermindModel.swift; sourceTree = "<group>"; };
		309662382A953B320023B5D7 /* MastermindViewModel.swift */ = {isa = PBXFileReference; lastKnownFileType = sourcecode.swift; path = MastermindViewModel.swift; sourceTree = "<group>"; };
		3096623A2A9B52190023B5D7 /* SettingsView.swift */ = {isa = PBXFileReference; lastKnownFileType = sourcecode.swift; path = SettingsView.swift; sourceTree = "<group>"; };
		30DD07342AAA128900E49009 /* StatisticsView.swift */ = {isa = PBXFileReference; lastKnownFileType = sourcecode.swift; path = StatisticsView.swift; sourceTree = "<group>"; };
		30DD07372AAA16C400E49009 /* StatisticsContainer.xcdatamodel */ = {isa = PBXFileReference; lastKnownFileType = wrapper.xcdatamodel; path = StatisticsContainer.xcdatamodel; sourceTree = "<group>"; };
		30F8B78C2A9D361D0034798D /* CodePin.swift */ = {isa = PBXFileReference; lastKnownFileType = sourcecode.swift; path = CodePin.swift; sourceTree = "<group>"; };
		30F8B78E2A9DEB240034798D /* PinPickerView.swift */ = {isa = PBXFileReference; lastKnownFileType = sourcecode.swift; path = PinPickerView.swift; sourceTree = "<group>"; };
/* End PBXFileReference section */

/* Begin PBXFrameworksBuildPhase section */
		309662062A9530720023B5D7 /* Frameworks */ = {
			isa = PBXFrameworksBuildPhase;
			buildActionMask = 2147483647;
			files = (
			);
			runOnlyForDeploymentPostprocessing = 0;
		};
		309662162A9530740023B5D7 /* Frameworks */ = {
			isa = PBXFrameworksBuildPhase;
			buildActionMask = 2147483647;
			files = (
			);
			runOnlyForDeploymentPostprocessing = 0;
		};
		309662202A9530740023B5D7 /* Frameworks */ = {
			isa = PBXFrameworksBuildPhase;
			buildActionMask = 2147483647;
			files = (
			);
			runOnlyForDeploymentPostprocessing = 0;
		};
/* End PBXFrameworksBuildPhase section */

/* Begin PBXGroup section */
		309662002A9530720023B5D7 = {
			isa = PBXGroup;
			children = (
				3096620B2A9530720023B5D7 /* Mastermind */,
				3096621C2A9530740023B5D7 /* MastermindTests */,
				309662262A9530740023B5D7 /* MastermindUITests */,
				3096620A2A9530720023B5D7 /* Products */,
			);
			sourceTree = "<group>";
		};
		3096620A2A9530720023B5D7 /* Products */ = {
			isa = PBXGroup;
			children = (
				309662092A9530720023B5D7 /* Mastermind.app */,
				309662192A9530740023B5D7 /* MastermindTests.xctest */,
				309662232A9530740023B5D7 /* MastermindUITests.xctest */,
			);
			name = Products;
			sourceTree = "<group>";
		};
		3096620B2A9530720023B5D7 /* Mastermind */ = {
			isa = PBXGroup;
			children = (
				3096623C2A9B80DF0023B5D7 /* Models */,
				3096623D2A9B80FF0023B5D7 /* ViewModels */,
				3096623E2A9B81510023B5D7 /* Views */,
				3096620C2A9530720023B5D7 /* MastermindApp.swift */,
				309662102A9530740023B5D7 /* Assets.xcassets */,
				309662122A9530740023B5D7 /* Preview Content */,
			);
			path = Mastermind;
			sourceTree = "<group>";
		};
		309662122A9530740023B5D7 /* Preview Content */ = {
			isa = PBXGroup;
			children = (
				309662132A9530740023B5D7 /* Preview Assets.xcassets */,
			);
			path = "Preview Content";
			sourceTree = "<group>";
		};
		3096621C2A9530740023B5D7 /* MastermindTests */ = {
			isa = PBXGroup;
			children = (
				3096621D2A9530740023B5D7 /* MastermindTests.swift */,
			);
			path = MastermindTests;
			sourceTree = "<group>";
		};
		309662262A9530740023B5D7 /* MastermindUITests */ = {
			isa = PBXGroup;
			children = (
				309662272A9530740023B5D7 /* MastermindUITests.swift */,
				309662292A9530740023B5D7 /* MastermindUITestsLaunchTests.swift */,
			);
			path = MastermindUITests;
			sourceTree = "<group>";
		};
		3096623C2A9B80DF0023B5D7 /* Models */ = {
			isa = PBXGroup;
			children = (
				309662362A9531E10023B5D7 /* MastermindModel.swift */,
				300C35482AAB501F0024EA0F /* StatisticsDataModel.swift */,
				30DD07362AAA16C400E49009 /* StatisticsContainer.xcdatamodeld */,
			);
			path = Models;
			sourceTree = "<group>";
		};
		3096623D2A9B80FF0023B5D7 /* ViewModels */ = {
			isa = PBXGroup;
			children = (
				309662382A953B320023B5D7 /* MastermindViewModel.swift */,
			);
			path = ViewModels;
			sourceTree = "<group>";
		};
		3096623E2A9B81510023B5D7 /* Views */ = {
			isa = PBXGroup;
			children = (
				30F8B78C2A9D361D0034798D /* CodePin.swift */,
				3096620E2A9530720023B5D7 /* GameView.swift */,
				3096623A2A9B52190023B5D7 /* SettingsView.swift */,
				30DD07342AAA128900E49009 /* StatisticsView.swift */,
				300C35462AAB2EA40024EA0F /* StatisticsSelectionView.swift */,
				30F8B78E2A9DEB240034798D /* PinPickerView.swift */,
			);
			path = Views;
			sourceTree = "<group>";
		};
/* End PBXGroup section */

/* Begin PBXNativeTarget section */
		309662082A9530720023B5D7 /* Mastermind */ = {
			isa = PBXNativeTarget;
			buildConfigurationList = 3096622D2A9530740023B5D7 /* Build configuration list for PBXNativeTarget "Mastermind" */;
			buildPhases = (
				309662052A9530720023B5D7 /* Sources */,
				309662062A9530720023B5D7 /* Frameworks */,
				309662072A9530720023B5D7 /* Resources */,
			);
			buildRules = (
			);
			dependencies = (
			);
			name = Mastermind;
			productName = Mastermind;
			productReference = 309662092A9530720023B5D7 /* Mastermind.app */;
			productType = "com.apple.product-type.application";
		};
		309662182A9530740023B5D7 /* MastermindTests */ = {
			isa = PBXNativeTarget;
			buildConfigurationList = 309662302A9530740023B5D7 /* Build configuration list for PBXNativeTarget "MastermindTests" */;
			buildPhases = (
				309662152A9530740023B5D7 /* Sources */,
				309662162A9530740023B5D7 /* Frameworks */,
				309662172A9530740023B5D7 /* Resources */,
			);
			buildRules = (
			);
			dependencies = (
				3096621B2A9530740023B5D7 /* PBXTargetDependency */,
			);
			name = MastermindTests;
			productName = MastermindTests;
			productReference = 309662192A9530740023B5D7 /* MastermindTests.xctest */;
			productType = "com.apple.product-type.bundle.unit-test";
		};
		309662222A9530740023B5D7 /* MastermindUITests */ = {
			isa = PBXNativeTarget;
			buildConfigurationList = 309662332A9530740023B5D7 /* Build configuration list for PBXNativeTarget "MastermindUITests" */;
			buildPhases = (
				3096621F2A9530740023B5D7 /* Sources */,
				309662202A9530740023B5D7 /* Frameworks */,
				309662212A9530740023B5D7 /* Resources */,
			);
			buildRules = (
			);
			dependencies = (
				309662252A9530740023B5D7 /* PBXTargetDependency */,
			);
			name = MastermindUITests;
			productName = MastermindUITests;
			productReference = 309662232A9530740023B5D7 /* MastermindUITests.xctest */;
			productType = "com.apple.product-type.bundle.ui-testing";
		};
/* End PBXNativeTarget section */

/* Begin PBXProject section */
		309662012A9530720023B5D7 /* Project object */ = {
			isa = PBXProject;
			attributes = {
				BuildIndependentTargetsInParallel = 1;
				LastSwiftUpdateCheck = 1430;
				LastUpgradeCheck = 1430;
				TargetAttributes = {
					309662082A9530720023B5D7 = {
						CreatedOnToolsVersion = 14.3.1;
					};
					309662182A9530740023B5D7 = {
						CreatedOnToolsVersion = 14.3.1;
						TestTargetID = 309662082A9530720023B5D7;
					};
					309662222A9530740023B5D7 = {
						CreatedOnToolsVersion = 14.3.1;
						TestTargetID = 309662082A9530720023B5D7;
					};
				};
			};
			buildConfigurationList = 309662042A9530720023B5D7 /* Build configuration list for PBXProject "Mastermind" */;
			compatibilityVersion = "Xcode 14.0";
			developmentRegion = en;
			hasScannedForEncodings = 0;
			knownRegions = (
				en,
				Base,
			);
			mainGroup = 309662002A9530720023B5D7;
			productRefGroup = 3096620A2A9530720023B5D7 /* Products */;
			projectDirPath = "";
			projectRoot = "";
			targets = (
				309662082A9530720023B5D7 /* Mastermind */,
				309662182A9530740023B5D7 /* MastermindTests */,
				309662222A9530740023B5D7 /* MastermindUITests */,
			);
		};
/* End PBXProject section */

/* Begin PBXResourcesBuildPhase section */
		309662072A9530720023B5D7 /* Resources */ = {
			isa = PBXResourcesBuildPhase;
			buildActionMask = 2147483647;
			files = (
				309662142A9530740023B5D7 /* Preview Assets.xcassets in Resources */,
				309662112A9530740023B5D7 /* Assets.xcassets in Resources */,
			);
			runOnlyForDeploymentPostprocessing = 0;
		};
		309662172A9530740023B5D7 /* Resources */ = {
			isa = PBXResourcesBuildPhase;
			buildActionMask = 2147483647;
			files = (
			);
			runOnlyForDeploymentPostprocessing = 0;
		};
		309662212A9530740023B5D7 /* Resources */ = {
			isa = PBXResourcesBuildPhase;
			buildActionMask = 2147483647;
			files = (
			);
			runOnlyForDeploymentPostprocessing = 0;
		};
/* End PBXResourcesBuildPhase section */

/* Begin PBXSourcesBuildPhase section */
		309662052A9530720023B5D7 /* Sources */ = {
			isa = PBXSourcesBuildPhase;
			buildActionMask = 2147483647;
			files = (
				30F8B78F2A9DEB240034798D /* PinPickerView.swift in Sources */,
				3096623B2A9B52190023B5D7 /* SettingsView.swift in Sources */,
				300C35472AAB2EA40024EA0F /* StatisticsSelectionView.swift in Sources */,
				300C35492AAB501F0024EA0F /* StatisticsDataModel.swift in Sources */,
				309662392A953B320023B5D7 /* MastermindViewModel.swift in Sources */,
				30F8B78D2A9D361D0034798D /* CodePin.swift in Sources */,
				309662372A9531E10023B5D7 /* MastermindModel.swift in Sources */,
				30DD07382AAA16C400E49009 /* StatisticsContainer.xcdatamodeld in Sources */,
				30DD07352AAA128900E49009 /* StatisticsView.swift in Sources */,
				3096620F2A9530720023B5D7 /* GameView.swift in Sources */,
				3096620D2A9530720023B5D7 /* MastermindApp.swift in Sources */,
			);
			runOnlyForDeploymentPostprocessing = 0;
		};
		309662152A9530740023B5D7 /* Sources */ = {
			isa = PBXSourcesBuildPhase;
			buildActionMask = 2147483647;
			files = (
				3096621E2A9530740023B5D7 /* MastermindTests.swift in Sources */,
			);
			runOnlyForDeploymentPostprocessing = 0;
		};
		3096621F2A9530740023B5D7 /* Sources */ = {
			isa = PBXSourcesBuildPhase;
			buildActionMask = 2147483647;
			files = (
				3096622A2A9530740023B5D7 /* MastermindUITestsLaunchTests.swift in Sources */,
				309662282A9530740023B5D7 /* MastermindUITests.swift in Sources */,
			);
			runOnlyForDeploymentPostprocessing = 0;
		};
/* End PBXSourcesBuildPhase section */

/* Begin PBXTargetDependency section */
		3096621B2A9530740023B5D7 /* PBXTargetDependency */ = {
			isa = PBXTargetDependency;
			target = 309662082A9530720023B5D7 /* Mastermind */;
			targetProxy = 3096621A2A9530740023B5D7 /* PBXContainerItemProxy */;
		};
		309662252A9530740023B5D7 /* PBXTargetDependency */ = {
			isa = PBXTargetDependency;
			target = 309662082A9530720023B5D7 /* Mastermind */;
			targetProxy = 309662242A9530740023B5D7 /* PBXContainerItemProxy */;
		};
/* End PBXTargetDependency section */

/* Begin XCBuildConfiguration section */
		3096622B2A9530740023B5D7 /* Debug */ = {
			isa = XCBuildConfiguration;
			buildSettings = {
				ALWAYS_SEARCH_USER_PATHS = NO;
				CLANG_ANALYZER_NONNULL = YES;
				CLANG_ANALYZER_NUMBER_OBJECT_CONVERSION = YES_AGGRESSIVE;
				CLANG_CXX_LANGUAGE_STANDARD = "gnu++20";
				CLANG_ENABLE_MODULES = YES;
				CLANG_ENABLE_OBJC_ARC = YES;
				CLANG_ENABLE_OBJC_WEAK = YES;
				CLANG_WARN_BLOCK_CAPTURE_AUTORELEASING = YES;
				CLANG_WARN_BOOL_CONVERSION = YES;
				CLANG_WARN_COMMA = YES;
				CLANG_WARN_CONSTANT_CONVERSION = YES;
				CLANG_WARN_DEPRECATED_OBJC_IMPLEMENTATIONS = YES;
				CLANG_WARN_DIRECT_OBJC_ISA_USAGE = YES_ERROR;
				CLANG_WARN_DOCUMENTATION_COMMENTS = YES;
				CLANG_WARN_EMPTY_BODY = YES;
				CLANG_WARN_ENUM_CONVERSION = YES;
				CLANG_WARN_INFINITE_RECURSION = YES;
				CLANG_WARN_INT_CONVERSION = YES;
				CLANG_WARN_NON_LITERAL_NULL_CONVERSION = YES;
				CLANG_WARN_OBJC_IMPLICIT_RETAIN_SELF = YES;
				CLANG_WARN_OBJC_LITERAL_CONVERSION = YES;
				CLANG_WARN_OBJC_ROOT_CLASS = YES_ERROR;
				CLANG_WARN_QUOTED_INCLUDE_IN_FRAMEWORK_HEADER = YES;
				CLANG_WARN_RANGE_LOOP_ANALYSIS = YES;
				CLANG_WARN_STRICT_PROTOTYPES = YES;
				CLANG_WARN_SUSPICIOUS_MOVE = YES;
				CLANG_WARN_UNGUARDED_AVAILABILITY = YES_AGGRESSIVE;
				CLANG_WARN_UNREACHABLE_CODE = YES;
				CLANG_WARN__DUPLICATE_METHOD_MATCH = YES;
				COPY_PHASE_STRIP = NO;
				DEBUG_INFORMATION_FORMAT = dwarf;
				ENABLE_STRICT_OBJC_MSGSEND = YES;
				ENABLE_TESTABILITY = YES;
				GCC_C_LANGUAGE_STANDARD = gnu11;
				GCC_DYNAMIC_NO_PIC = NO;
				GCC_NO_COMMON_BLOCKS = YES;
				GCC_OPTIMIZATION_LEVEL = 0;
				GCC_PREPROCESSOR_DEFINITIONS = (
					"DEBUG=1",
					"$(inherited)",
				);
				GCC_WARN_64_TO_32_BIT_CONVERSION = YES;
				GCC_WARN_ABOUT_RETURN_TYPE = YES_ERROR;
				GCC_WARN_UNDECLARED_SELECTOR = YES;
				GCC_WARN_UNINITIALIZED_AUTOS = YES_AGGRESSIVE;
				GCC_WARN_UNUSED_FUNCTION = YES;
				GCC_WARN_UNUSED_VARIABLE = YES;
				IPHONEOS_DEPLOYMENT_TARGET = 16.4;
				MTL_ENABLE_DEBUG_INFO = INCLUDE_SOURCE;
				MTL_FAST_MATH = YES;
				ONLY_ACTIVE_ARCH = YES;
				SDKROOT = iphoneos;
				SWIFT_ACTIVE_COMPILATION_CONDITIONS = DEBUG;
				SWIFT_OPTIMIZATION_LEVEL = "-Onone";
			};
			name = Debug;
		};
		3096622C2A9530740023B5D7 /* Release */ = {
			isa = XCBuildConfiguration;
			buildSettings = {
				ALWAYS_SEARCH_USER_PATHS = NO;
				CLANG_ANALYZER_NONNULL = YES;
				CLANG_ANALYZER_NUMBER_OBJECT_CONVERSION = YES_AGGRESSIVE;
				CLANG_CXX_LANGUAGE_STANDARD = "gnu++20";
				CLANG_ENABLE_MODULES = YES;
				CLANG_ENABLE_OBJC_ARC = YES;
				CLANG_ENABLE_OBJC_WEAK = YES;
				CLANG_WARN_BLOCK_CAPTURE_AUTORELEASING = YES;
				CLANG_WARN_BOOL_CONVERSION = YES;
				CLANG_WARN_COMMA = YES;
				CLANG_WARN_CONSTANT_CONVERSION = YES;
				CLANG_WARN_DEPRECATED_OBJC_IMPLEMENTATIONS = YES;
				CLANG_WARN_DIRECT_OBJC_ISA_USAGE = YES_ERROR;
				CLANG_WARN_DOCUMENTATION_COMMENTS = YES;
				CLANG_WARN_EMPTY_BODY = YES;
				CLANG_WARN_ENUM_CONVERSION = YES;
				CLANG_WARN_INFINITE_RECURSION = YES;
				CLANG_WARN_INT_CONVERSION = YES;
				CLANG_WARN_NON_LITERAL_NULL_CONVERSION = YES;
				CLANG_WARN_OBJC_IMPLICIT_RETAIN_SELF = YES;
				CLANG_WARN_OBJC_LITERAL_CONVERSION = YES;
				CLANG_WARN_OBJC_ROOT_CLASS = YES_ERROR;
				CLANG_WARN_QUOTED_INCLUDE_IN_FRAMEWORK_HEADER = YES;
				CLANG_WARN_RANGE_LOOP_ANALYSIS = YES;
				CLANG_WARN_STRICT_PROTOTYPES = YES;
				CLANG_WARN_SUSPICIOUS_MOVE = YES;
				CLANG_WARN_UNGUARDED_AVAILABILITY = YES_AGGRESSIVE;
				CLANG_WARN_UNREACHABLE_CODE = YES;
				CLANG_WARN__DUPLICATE_METHOD_MATCH = YES;
				COPY_PHASE_STRIP = NO;
				DEBUG_INFORMATION_FORMAT = "dwarf-with-dsym";
				ENABLE_NS_ASSERTIONS = NO;
				ENABLE_STRICT_OBJC_MSGSEND = YES;
				GCC_C_LANGUAGE_STANDARD = gnu11;
				GCC_NO_COMMON_BLOCKS = YES;
				GCC_WARN_64_TO_32_BIT_CONVERSION = YES;
				GCC_WARN_ABOUT_RETURN_TYPE = YES_ERROR;
				GCC_WARN_UNDECLARED_SELECTOR = YES;
				GCC_WARN_UNINITIALIZED_AUTOS = YES_AGGRESSIVE;
				GCC_WARN_UNUSED_FUNCTION = YES;
				GCC_WARN_UNUSED_VARIABLE = YES;
				IPHONEOS_DEPLOYMENT_TARGET = 16.4;
				MTL_ENABLE_DEBUG_INFO = NO;
				MTL_FAST_MATH = YES;
				SDKROOT = iphoneos;
				SWIFT_COMPILATION_MODE = wholemodule;
				SWIFT_OPTIMIZATION_LEVEL = "-O";
				VALIDATE_PRODUCT = YES;
			};
			name = Release;
		};
		3096622E2A9530740023B5D7 /* Debug */ = {
			isa = XCBuildConfiguration;
			buildSettings = {
				ASSETCATALOG_COMPILER_APPICON_NAME = AppIcon;
				ASSETCATALOG_COMPILER_GLOBAL_ACCENT_COLOR_NAME = AccentColor;
				CODE_SIGN_STYLE = Automatic;
				CURRENT_PROJECT_VERSION = 1;
				DEVELOPMENT_ASSET_PATHS = "\"Mastermind/Preview Content\"";
				DEVELOPMENT_TEAM = L7L7CGJTMH;
				ENABLE_PREVIEWS = YES;
				GENERATE_INFOPLIST_FILE = YES;
				INFOPLIST_KEY_UIApplicationSceneManifest_Generation = YES;
				INFOPLIST_KEY_UIApplicationSupportsIndirectInputEvents = YES;
				INFOPLIST_KEY_UILaunchScreen_Generation = YES;
				INFOPLIST_KEY_UISupportedInterfaceOrientations_iPad = "UIInterfaceOrientationPortrait UIInterfaceOrientationPortraitUpsideDown UIInterfaceOrientationLandscapeLeft UIInterfaceOrientationLandscapeRight";
				INFOPLIST_KEY_UISupportedInterfaceOrientations_iPhone = "UIInterfaceOrientationPortrait UIInterfaceOrientationLandscapeLeft UIInterfaceOrientationLandscapeRight";
				LD_RUNPATH_SEARCH_PATHS = (
					"$(inherited)",
					"@executable_path/Frameworks",
				);
				MARKETING_VERSION = 1.0;
				PRODUCT_BUNDLE_IDENTIFIER = de.chhb.Mastermind;
				PRODUCT_NAME = "$(TARGET_NAME)";
				SWIFT_EMIT_LOC_STRINGS = YES;
				SWIFT_VERSION = 5.0;
				TARGETED_DEVICE_FAMILY = "1,2";
			};
			name = Debug;
		};
		3096622F2A9530740023B5D7 /* Release */ = {
			isa = XCBuildConfiguration;
			buildSettings = {
				ASSETCATALOG_COMPILER_APPICON_NAME = AppIcon;
				ASSETCATALOG_COMPILER_GLOBAL_ACCENT_COLOR_NAME = AccentColor;
				CODE_SIGN_STYLE = Automatic;
				CURRENT_PROJECT_VERSION = 1;
				DEVELOPMENT_ASSET_PATHS = "\"Mastermind/Preview Content\"";
				DEVELOPMENT_TEAM = L7L7CGJTMH;
				ENABLE_PREVIEWS = YES;
				GENERATE_INFOPLIST_FILE = YES;
				INFOPLIST_KEY_UIApplicationSceneManifest_Generation = YES;
				INFOPLIST_KEY_UIApplicationSupportsIndirectInputEvents = YES;
				INFOPLIST_KEY_UILaunchScreen_Generation = YES;
				INFOPLIST_KEY_UISupportedInterfaceOrientations_iPad = "UIInterfaceOrientationPortrait UIInterfaceOrientationPortraitUpsideDown UIInterfaceOrientationLandscapeLeft UIInterfaceOrientationLandscapeRight";
				INFOPLIST_KEY_UISupportedInterfaceOrientations_iPhone = "UIInterfaceOrientationPortrait UIInterfaceOrientationLandscapeLeft UIInterfaceOrientationLandscapeRight";
				LD_RUNPATH_SEARCH_PATHS = (
					"$(inherited)",
					"@executable_path/Frameworks",
				);
				MARKETING_VERSION = 1.0;
				PRODUCT_BUNDLE_IDENTIFIER = de.chhb.Mastermind;
				PRODUCT_NAME = "$(TARGET_NAME)";
				SWIFT_EMIT_LOC_STRINGS = YES;
				SWIFT_VERSION = 5.0;
				TARGETED_DEVICE_FAMILY = "1,2";
			};
			name = Release;
		};
		309662312A9530740023B5D7 /* Debug */ = {
			isa = XCBuildConfiguration;
			buildSettings = {
				ALWAYS_EMBED_SWIFT_STANDARD_LIBRARIES = YES;
				BUNDLE_LOADER = "$(TEST_HOST)";
				CODE_SIGN_STYLE = Automatic;
				CURRENT_PROJECT_VERSION = 1;
				DEVELOPMENT_TEAM = L7L7CGJTMH;
				GENERATE_INFOPLIST_FILE = YES;
				IPHONEOS_DEPLOYMENT_TARGET = 16.4;
				MARKETING_VERSION = 1.0;
				PRODUCT_BUNDLE_IDENTIFIER = de.chhb.MastermindTests;
				PRODUCT_NAME = "$(TARGET_NAME)";
				SWIFT_EMIT_LOC_STRINGS = NO;
				SWIFT_VERSION = 5.0;
				TARGETED_DEVICE_FAMILY = "1,2";
				TEST_HOST = "$(BUILT_PRODUCTS_DIR)/Mastermind.app/$(BUNDLE_EXECUTABLE_FOLDER_PATH)/Mastermind";
			};
			name = Debug;
		};
		309662322A9530740023B5D7 /* Release */ = {
			isa = XCBuildConfiguration;
			buildSettings = {
				ALWAYS_EMBED_SWIFT_STANDARD_LIBRARIES = YES;
				BUNDLE_LOADER = "$(TEST_HOST)";
				CODE_SIGN_STYLE = Automatic;
				CURRENT_PROJECT_VERSION = 1;
				DEVELOPMENT_TEAM = L7L7CGJTMH;
				GENERATE_INFOPLIST_FILE = YES;
				IPHONEOS_DEPLOYMENT_TARGET = 16.4;
				MARKETING_VERSION = 1.0;
				PRODUCT_BUNDLE_IDENTIFIER = de.chhb.MastermindTests;
				PRODUCT_NAME = "$(TARGET_NAME)";
				SWIFT_EMIT_LOC_STRINGS = NO;
				SWIFT_VERSION = 5.0;
				TARGETED_DEVICE_FAMILY = "1,2";
				TEST_HOST = "$(BUILT_PRODUCTS_DIR)/Mastermind.app/$(BUNDLE_EXECUTABLE_FOLDER_PATH)/Mastermind";
			};
			name = Release;
		};
		309662342A9530740023B5D7 /* Debug */ = {
			isa = XCBuildConfiguration;
			buildSettings = {
				ALWAYS_EMBED_SWIFT_STANDARD_LIBRARIES = YES;
				CODE_SIGN_STYLE = Automatic;
				CURRENT_PROJECT_VERSION = 1;
				DEVELOPMENT_TEAM = L7L7CGJTMH;
				GENERATE_INFOPLIST_FILE = YES;
				MARKETING_VERSION = 1.0;
				PRODUCT_BUNDLE_IDENTIFIER = de.chhb.MastermindUITests;
				PRODUCT_NAME = "$(TARGET_NAME)";
				SWIFT_EMIT_LOC_STRINGS = NO;
				SWIFT_VERSION = 5.0;
				TARGETED_DEVICE_FAMILY = "1,2";
				TEST_TARGET_NAME = Mastermind;
			};
			name = Debug;
		};
		309662352A9530740023B5D7 /* Release */ = {
			isa = XCBuildConfiguration;
			buildSettings = {
				ALWAYS_EMBED_SWIFT_STANDARD_LIBRARIES = YES;
				CODE_SIGN_STYLE = Automatic;
				CURRENT_PROJECT_VERSION = 1;
				DEVELOPMENT_TEAM = L7L7CGJTMH;
				GENERATE_INFOPLIST_FILE = YES;
				MARKETING_VERSION = 1.0;
				PRODUCT_BUNDLE_IDENTIFIER = de.chhb.MastermindUITests;
				PRODUCT_NAME = "$(TARGET_NAME)";
				SWIFT_EMIT_LOC_STRINGS = NO;
				SWIFT_VERSION = 5.0;
				TARGETED_DEVICE_FAMILY = "1,2";
				TEST_TARGET_NAME = Mastermind;
			};
			name = Release;
		};
/* End XCBuildConfiguration section */

/* Begin XCConfigurationList section */
		309662042A9530720023B5D7 /* Build configuration list for PBXProject "Mastermind" */ = {
			isa = XCConfigurationList;
			buildConfigurations = (
				3096622B2A9530740023B5D7 /* Debug */,
				3096622C2A9530740023B5D7 /* Release */,
			);
			defaultConfigurationIsVisible = 0;
			defaultConfigurationName = Release;
		};
		3096622D2A9530740023B5D7 /* Build configuration list for PBXNativeTarget "Mastermind" */ = {
			isa = XCConfigurationList;
			buildConfigurations = (
				3096622E2A9530740023B5D7 /* Debug */,
				3096622F2A9530740023B5D7 /* Release */,
			);
			defaultConfigurationIsVisible = 0;
			defaultConfigurationName = Release;
		};
		309662302A9530740023B5D7 /* Build configuration list for PBXNativeTarget "MastermindTests" */ = {
			isa = XCConfigurationList;
			buildConfigurations = (
				309662312A9530740023B5D7 /* Debug */,
				309662322A9530740023B5D7 /* Release */,
			);
			defaultConfigurationIsVisible = 0;
			defaultConfigurationName = Release;
		};
		309662332A9530740023B5D7 /* Build configuration list for PBXNativeTarget "MastermindUITests" */ = {
			isa = XCConfigurationList;
			buildConfigurations = (
				309662342A9530740023B5D7 /* Debug */,
				309662352A9530740023B5D7 /* Release */,
			);
			defaultConfigurationIsVisible = 0;
			defaultConfigurationName = Release;
		};
/* End XCConfigurationList section */

/* Begin XCVersionGroup section */
		30DD07362AAA16C400E49009 /* StatisticsContainer.xcdatamodeld */ = {
			isa = XCVersionGroup;
			children = (
				30DD07372AAA16C400E49009 /* StatisticsContainer.xcdatamodel */,
			);
			currentVersion = 30DD07372AAA16C400E49009 /* StatisticsContainer.xcdatamodel */;
			path = StatisticsContainer.xcdatamodeld;
			sourceTree = "<group>";
			versionGroupType = wrapper.xcdatamodel;
		};
/* End XCVersionGroup section */
	};
	rootObject = 309662012A9530720023B5D7 /* Project object */;
}
